
Microsoft Visual Studio Solution File, Format Version 12.00
# Visual Studio 14
VisualStudioVersion = 14.0.25420.1
MinimumVisualStudioVersion = 10.0.40219.1
Project("{8BC9CEB8-8B4A-11D0-8D11-00A0C91BC942}") = "hook", "hook.vcxproj", "{1B9FE646-B4C9-4C6E-AFAB-14ACEFF648A7}"
EndProject
Project("{8BC9CEB8-8B4A-11D0-8D11-00A0C91BC942}") = "testHook", "testHook\testHook.vcxproj", "{DB816D94-FA5D-45ED-A84A-C9E850F0110D}"
EndProject
Global
	GlobalSection(SolutionConfigurationPlatforms) = preSolution
		Debug|x64 = Debug|x64
		Debug|x86 = Debug|x86
		Release|x64 = Release|x64
		Release|x86 = Release|x86
	EndGlobalSection
	GlobalSection(ProjectConfigurationPlatforms) = postSolution
		{1B9FE646-B4C9-4C6E-AFAB-14ACEFF648A7}.Debug|x64.ActiveCfg = Debug|x64
		{1B9FE646-B4C9-4C6E-AFAB-14ACEFF648A7}.Debug|x64.Build.0 = Debug|x64
		{1B9FE646-B4C9-4C6E-AFAB-14ACEFF648A7}.Debug|x86.ActiveCfg = Debug|Win32
		{1B9FE646-B4C9-4C6E-AFAB-14ACEFF648A7}.Debug|x86.Build.0 = Debug|Win32
		{1B9FE646-B4C9-4C6E-AFAB-14ACEFF648A7}.Release|x64.ActiveCfg = Release|x64
		{1B9FE646-B4C9-4C6E-AFAB-14ACEFF648A7}.Release|x64.Build.0 = Release|x64
		{1B9FE646-B4C9-4C6E-AFAB-14ACEFF648A7}.Release|x86.ActiveCfg = Release|Win32
		{1B9FE646-B4C9-4C6E-AFAB-14ACEFF648A7}.Release|x86.Build.0 = Release|Win32
		{DB816D94-FA5D-45ED-A84A-C9E850F0110D}.Debug|x64.ActiveCfg = Debug|x64
		{DB816D94-FA5D-45ED-A84A-C9E850F0110D}.Debug|x64.Build.0 = Debug|x64
		{DB816D94-FA5D-45ED-A84A-C9E850F0110D}.Debug|x86.ActiveCfg = Debug|Win32
		{DB816D94-FA5D-45ED-A84A-C9E850F0110D}.Debug|x86.Build.0 = Debug|Win32
		{DB816D94-FA5D-45ED-A84A-C9E850F0110D}.Release|x64.ActiveCfg = Release|x64
		{DB816D94-FA5D-45ED-A84A-C9E850F0110D}.Release|x64.Build.0 = Release|x64
		{DB816D94-FA5D-45ED-A84A-C9E850F0110D}.Release|x86.ActiveCfg = Release|Win32
		{DB816D94-FA5D-45ED-A84A-C9E850F0110D}.Release|x86.Build.0 = Release|Win32
	EndGlobalSection
	GlobalSection(SolutionProperties) = preSolution
		HideSolutionNode = FALSE
	EndGlobalSection
EndGlobal
