<?xml version="1.0" encoding="utf-8"?>
<Project ToolsVersion="4.0" xmlns="http://schemas.microsoft.com/developer/msbuild/2003">
  <ItemGroup>
    <Filter Include="源文件">
      <UniqueIdentifier>{4FC737F1-C7A5-4376-A066-2A32D752A2FF}</UniqueIdentifier>
      <Extensions>cpp;c;cc;cxx;def;odl;idl;hpj;bat;asm;asmx</Extensions>
    </Filter>
    <Filter Include="头文件">
      <UniqueIdentifier>{93995380-89BD-4b04-88EB-625FBE52EBFB}</UniqueIdentifier>
      <Extensions>h;hpp;hxx;hm;inl;inc;xsd</Extensions>
    </Filter>
    <Filter Include="资源文件">
      <UniqueIdentifier>{67DA6AB6-F800-4c08-8B7A-83BB121AAD01}</UniqueIdentifier>
      <Extensions>rc;ico;cur;bmp;dlg;rc2;rct;bin;rgs;gif;jpg;jpeg;jpe;resx;tiff;tif;png;wav;mfcribbon-ms</Extensions>
    </Filter>
  </ItemGroup>
  <ItemGroup>
    <ClInclude Include="src2\common.h">
      <Filter>头文件</Filter>
    </ClInclude>
    <ClInclude Include="src2\textwriter.h">
      <Filter>头文件</Filter>
    </ClInclude>
    <ClInclude Include="src2\core.h">
      <Filter>头文件</Filter>
    </ClInclude>
    <ClInclude Include="src2\fade.h">
      <Filter>头文件</Filter>
    </ClInclude>
    <ClInclude Include="src2\imagewriter.h">
      <Filter>头文件</Filter>
    </ClInclude>
    <ClInclude Include="src2\objectlist.h">
      <Filter>头文件</Filter>
    </ClInclude>
    <ClInclude Include="src2\stream.h">
      <Filter>头文件</Filter>
    </ClInclude>
  </ItemGroup>
  <ItemGroup>
    <ClCompile Include="src2\acspos.cpp">
      <Filter>源文件</Filter>
    </ClCompile>
    <ClCompile Include="src2\twfremainderbox.cpp">
      <Filter>源文件</Filter>
    </ClCompile>
    <ClCompile Include="src2\bg2d.cpp">
      <Filter>源文件</Filter>
    </ClCompile>
    <ClCompile Include="src2\boxocean.cpp">
      <Filter>源文件</Filter>
    </ClCompile>
    <ClCompile Include="src2\charbox.cpp">
      <Filter>源文件</Filter>
    </ClCompile>
    <ClCompile Include="src2\common.cpp">
      <Filter>源文件</Filter>
    </ClCompile>
    <ClCompile Include="src2\fade.cpp">
      <Filter>源文件</Filter>
    </ClCompile>
    <ClCompile Include="src2\flashlayereffect.cpp">
      <Filter>源文件</Filter>
    </ClCompile>
    <ClCompile Include="src2\imagewriter.cpp">
      <Filter>源文件</Filter>
    </ClCompile>
    <ClCompile Include="src2\imgsel.cpp">
      <Filter>源文件</Filter>
    </ClCompile>
    <ClCompile Include="src2\main.cpp">
      <Filter>源文件</Filter>
    </ClCompile>
    <ClCompile Include="src2\mntime2g.cpp">
      <Filter>源文件</Filter>
    </ClCompile>
    <ClCompile Include="src2\mntimebezier.cpp">
      <Filter>源文件</Filter>
    </ClCompile>
    <ClCompile Include="src2\moveacsongen.cpp">
      <Filter>源文件</Filter>
    </ClCompile>
    <ClCompile Include="src2\normalcamera.cpp">
      <Filter>源文件</Filter>
    </ClCompile>
    <ClCompile Include="src2\objectlist.cpp">
      <Filter>源文件</Filter>
    </ClCompile>
    <ClCompile Include="src2\pmbgm.cpp">
      <Filter>源文件</Filter>
    </ClCompile>
    <ClCompile Include="src2\pmeffect.cpp">
      <Filter>源文件</Filter>
    </ClCompile>
    <ClCompile Include="src2\posturemoment.cpp">
      <Filter>源文件</Filter>
    </ClCompile>
    <ClCompile Include="src2\processocean.cpp">
      <Filter>源文件</Filter>
    </ClCompile>
    <ClCompile Include="src2\r6ti.cpp">
      <Filter>源文件</Filter>
    </ClCompile>
    <ClCompile Include="src2\rbx.cpp">
      <Filter>源文件</Filter>
    </ClCompile>
    <ClCompile Include="src2\relicunitedgameproject.cpp">
      <Filter>源文件</Filter>
    </ClCompile>
    <ClCompile Include="src2\rip.cpp">
      <Filter>源文件</Filter>
    </ClCompile>
    <ClCompile Include="src2\rsa.cpp">
      <Filter>源文件</Filter>
    </ClCompile>
    <ClCompile Include="src2\rsa2.cpp">
      <Filter>源文件</Filter>
    </ClCompile>
    <ClCompile Include="src2\rsi.cpp">
      <Filter>源文件</Filter>
    </ClCompile>
    <ClCompile Include="src2\stream.cpp">
      <Filter>源文件</Filter>
    </ClCompile>
    <ClCompile Include="src2\textwriter.cpp">
      <Filter>源文件</Filter>
    </ClCompile>
    <ClCompile Include="src2\twfgaugebox.cpp">
      <Filter>源文件</Filter>
    </ClCompile>
    <ClCompile Include="src2\pmvideoref.cpp">
      <Filter>源文件</Filter>
    </ClCompile>
    <ClCompile Include="src2\cpsnamedlane.cpp">
      <Filter>源文件</Filter>
    </ClCompile>
    <ClCompile Include="src2\layoutTextImg.cpp">
      <Filter>源文件</Filter>
    </ClCompile>
    <ClCompile Include="src2\rsa2OM.cpp">
      <Filter>源文件</Filter>
    </ClCompile>
    <ClCompile Include="src2\DcAgesModelQsT.cpp">
      <Filter>源文件</Filter>
    </ClCompile>
  </ItemGroup>
</Project>