
Microsoft Visual Studio Solution File, Format Version 11.00
# Visual Studio 2010
Project("{8BC9CEB8-8B4A-11D0-8D11-00A0C91BC942}") = "mashiroext", "mashiroext\mashiroext.vcxproj", "{DA830210-95CD-4DD6-BEA0-9D7DDDA14C25}"
EndProject
Global
	GlobalSection(SolutionConfigurationPlatforms) = preSolution
		Debug|Win32 = Debug|Win32
		Release|Win32 = Release|Win32
	EndGlobalSection
	GlobalSection(ProjectConfigurationPlatforms) = postSolution
		{DA830210-95CD-4DD6-BEA0-9D7DDDA14C25}.Debug|Win32.ActiveCfg = Debug|Win32
		{DA830210-95CD-4DD6-BEA0-9D7DDDA14C25}.Debug|Win32.Build.0 = Debug|Win32
		{DA830210-95CD-4DD6-BEA0-9D7DDDA14C25}.Release|Win32.ActiveCfg = Release|Win32
		{DA830210-95CD-4DD6-BEA0-9D7DDDA14C25}.Release|Win32.Build.0 = Release|Win32
	EndGlobalSection
	GlobalSection(SolutionProperties) = preSolution
		HideSolutionNode = FALSE
	EndGlobalSection
EndGlobal
