
Microsoft Visual Studio Solution File, Format Version 11.00
# Visual Studio 2010
Project("{8BC9CEB8-8B4A-11D0-8D11-00A0C91BC942}") = "rioLoader", "rioLoader.vcxproj", "{DB25026D-4837-47DE-9A3C-C81EADCD3954}"
EndProject
Global
	GlobalSection(SolutionConfigurationPlatforms) = preSolution
		Debug|Win32 = Debug|Win32
		Release|Win32 = Release|Win32
	EndGlobalSection
	GlobalSection(ProjectConfigurationPlatforms) = postSolution
		{DB25026D-4837-47DE-9A3C-C81EADCD3954}.Debug|Win32.ActiveCfg = Debug|Win32
		{DB25026D-4837-47DE-9A3C-C81EADCD3954}.Debug|Win32.Build.0 = Debug|Win32
		{DB25026D-4837-47DE-9A3C-C81EADCD3954}.Release|Win32.ActiveCfg = Release|Win32
		{DB25026D-4837-47DE-9A3C-C81EADCD3954}.Release|Win32.Build.0 = Release|Win32
	EndGlobalSection
	GlobalSection(SolutionProperties) = preSolution
		HideSolutionNode = FALSE
	EndGlobalSection
EndGlobal
