
Microsoft Visual Studio Solution File, Format Version 11.00
# Visual Studio 2010
Project("{8BC9CEB8-8B4A-11D0-8D11-00A0C91BC942}") = "ExMrg", "ExMrg\ExMrg.vcxproj", "{F29883BB-BC78-4FE3-945F-A3D6CD39DB9D}"
EndProject
Global
	GlobalSection(SolutionConfigurationPlatforms) = preSolution
		Debug|Win32 = Debug|Win32
		Release|Win32 = Release|Win32
	EndGlobalSection
	GlobalSection(ProjectConfigurationPlatforms) = postSolution
		{F29883BB-BC78-4FE3-945F-A3D6CD39DB9D}.Debug|Win32.ActiveCfg = Debug|Win32
		{F29883BB-BC78-4FE3-945F-A3D6CD39DB9D}.Debug|Win32.Build.0 = Debug|Win32
		{F29883BB-BC78-4FE3-945F-A3D6CD39DB9D}.Release|Win32.ActiveCfg = Release|Win32
		{F29883BB-BC78-4FE3-945F-A3D6CD39DB9D}.Release|Win32.Build.0 = Release|Win32
	EndGlobalSection
	GlobalSection(SolutionProperties) = preSolution
		HideSolutionNode = FALSE
	EndGlobalSection
EndGlobal
